
Microsoft Visual Studio Solution File, Format Version 12.00
# Visual Studio Version 17
VisualStudioVersion = 17.0.31903.59
MinimumVisualStudioVersion = 10.0.40219.1
Project("{2150E333-8FDC-42A3-9474-1A3956D46DE8}") = "src", "src", "{827E0CD3-B72D-47B6-A68D-7590B98EB39B}"
EndProject
Project("{2150E333-8FDC-42A3-9474-1A3956D46DE8}") = "Core", "Core", "{8D626EA8-CB54-BC41-363A-217881BEBA6E}"
EndProject
Project("{FAE04EC0-301F-11D3-BF4B-00C04F79EFBC}") = "SkiaMarkdown.Core", "src\Core\SkiaMarkdown.Core.csproj", "{5202012A-420B-443D-8D80-E67D818DAA6A}"
EndProject
Project("{2150E333-8FDC-42A3-9474-1A3956D46DE8}") = "Rendering", "Rendering", "{3189AC7C-8F5F-6FB1-D165-6EB51BAF31DA}"
EndProject
Project("{FAE04EC0-301F-11D3-BF4B-00C04F79EFBC}") = "SkiaMarkdown.Rendering", "src\Rendering\SkiaMarkdown.Rendering.csproj", "{0C3A8951-DCEC-438E-981A-4564C61BF872}"
EndProject
Project("{2150E333-8FDC-42A3-9474-1A3956D46DE8}") = "Avalonia", "Avalonia", "{1350CF4D-C3B3-7916-2620-2C4008CF69A6}"
EndProject
Project("{FAE04EC0-301F-11D3-BF4B-00C04F79EFBC}") = "SkiaMarkdown.Avalonia", "src\Avalonia\SkiaMarkdown.Avalonia.csproj", "{F110D827-A2D0-4AF8-8517-0A4007DF1120}"
EndProject
Project("{2150E333-8FDC-42A3-9474-1A3956D46DE8}") = "Syntax", "Syntax", "{A504441E-5C17-47D8-AEF6-BFA7C6F3BDE6}"
EndProject
Project("{FAE04EC0-301F-11D3-BF4B-00C04F79EFBC}") = "SkiaMarkdown.Syntax", "src\Syntax\SkiaMarkdown.Syntax.csproj", "{AB762818-3345-4671-9E52-DB8AC7EA84F6}"
EndProject
Project("{2150E333-8FDC-42A3-9474-1A3956D46DE8}") = "tests", "tests", "{0AB3BF05-4346-4AA6-1389-037BE0695223}"
EndProject
Project("{FAE04EC0-301F-11D3-BF4B-00C04F79EFBC}") = "SkiaMarkdown.Tests", "tests\SkiaMarkdown.Tests\SkiaMarkdown.Tests.csproj", "{C25D10B5-4500-43C8-BD46-D1D0D5D321BE}"
EndProject
Project("{2150E333-8FDC-42A3-9474-1A3956D46DE8}") = "benchmarks", "benchmarks", "{66320409-64EC-F7C5-3DEF-65E7510DAAD1}"
EndProject
Project("{FAE04EC0-301F-11D3-BF4B-00C04F79EFBC}") = "SkiaMarkdown.Benchmarks", "benchmarks\SkiaMarkdown.Benchmarks\SkiaMarkdown.Benchmarks.csproj", "{06E1FFC5-1CCC-4045-B7C2-B11FBCE0C591}"
EndProject
Project("{2150E333-8FDC-42A3-9474-1A3956D46DE8}") = "samples", "samples", "{5D20AA90-6969-D8BD-9DCD-8634F4692FDA}"
EndProject
Project("{FAE04EC0-301F-11D3-BF4B-00C04F79EFBC}") = "SkiaMarkdown.Samples", "samples\SkiaMarkdown.Samples\SkiaMarkdown.Samples.csproj", "{421C1622-0247-430F-B7F2-990282DF96E1}"
EndProject
Project("{FAE04EC0-301F-11D3-BF4B-00C04F79EFBC}") = "SkiaMarkdown.AvaloniaPlayground", "samples\SkiaMarkdown.AvaloniaPlayground\SkiaMarkdown.AvaloniaPlayground.csproj", "{8C58439D-2A53-4730-9218-C1467D1A72E3}"
EndProject
Global
	GlobalSection(SolutionConfigurationPlatforms) = preSolution
		Debug|Any CPU = Debug|Any CPU
		Debug|x64 = Debug|x64
		Debug|x86 = Debug|x86
		Release|Any CPU = Release|Any CPU
		Release|x64 = Release|x64
		Release|x86 = Release|x86
	EndGlobalSection
	GlobalSection(ProjectConfigurationPlatforms) = postSolution
		{5202012A-420B-443D-8D80-E67D818DAA6A}.Debug|Any CPU.ActiveCfg = Debug|Any CPU
		{5202012A-420B-443D-8D80-E67D818DAA6A}.Debug|Any CPU.Build.0 = Debug|Any CPU
		{5202012A-420B-443D-8D80-E67D818DAA6A}.Debug|x64.ActiveCfg = Debug|Any CPU
		{5202012A-420B-443D-8D80-E67D818DAA6A}.Debug|x64.Build.0 = Debug|Any CPU
		{5202012A-420B-443D-8D80-E67D818DAA6A}.Debug|x86.ActiveCfg = Debug|Any CPU
		{5202012A-420B-443D-8D80-E67D818DAA6A}.Debug|x86.Build.0 = Debug|Any CPU
		{5202012A-420B-443D-8D80-E67D818DAA6A}.Release|Any CPU.ActiveCfg = Release|Any CPU
		{5202012A-420B-443D-8D80-E67D818DAA6A}.Release|Any CPU.Build.0 = Release|Any CPU
		{5202012A-420B-443D-8D80-E67D818DAA6A}.Release|x64.ActiveCfg = Release|Any CPU
		{5202012A-420B-443D-8D80-E67D818DAA6A}.Release|x64.Build.0 = Release|Any CPU
		{5202012A-420B-443D-8D80-E67D818DAA6A}.Release|x86.ActiveCfg = Release|Any CPU
		{5202012A-420B-443D-8D80-E67D818DAA6A}.Release|x86.Build.0 = Release|Any CPU
		{0C3A8951-DCEC-438E-981A-4564C61BF872}.Debug|Any CPU.ActiveCfg = Debug|Any CPU
		{0C3A8951-DCEC-438E-981A-4564C61BF872}.Debug|Any CPU.Build.0 = Debug|Any CPU
		{0C3A8951-DCEC-438E-981A-4564C61BF872}.Debug|x64.ActiveCfg = Debug|Any CPU
		{0C3A8951-DCEC-438E-981A-4564C61BF872}.Debug|x64.Build.0 = Debug|Any CPU
		{0C3A8951-DCEC-438E-981A-4564C61BF872}.Debug|x86.ActiveCfg = Debug|Any CPU
		{0C3A8951-DCEC-438E-981A-4564C61BF872}.Debug|x86.Build.0 = Debug|Any CPU
		{0C3A8951-DCEC-438E-981A-4564C61BF872}.Release|Any CPU.ActiveCfg = Release|Any CPU
		{0C3A8951-DCEC-438E-981A-4564C61BF872}.Release|Any CPU.Build.0 = Release|Any CPU
		{0C3A8951-DCEC-438E-981A-4564C61BF872}.Release|x64.ActiveCfg = Release|Any CPU
		{0C3A8951-DCEC-438E-981A-4564C61BF872}.Release|x64.Build.0 = Release|Any CPU
		{0C3A8951-DCEC-438E-981A-4564C61BF872}.Release|x86.ActiveCfg = Release|Any CPU
		{0C3A8951-DCEC-438E-981A-4564C61BF872}.Release|x86.Build.0 = Release|Any CPU
		{F110D827-A2D0-4AF8-8517-0A4007DF1120}.Debug|Any CPU.ActiveCfg = Debug|Any CPU
		{F110D827-A2D0-4AF8-8517-0A4007DF1120}.Debug|Any CPU.Build.0 = Debug|Any CPU
		{F110D827-A2D0-4AF8-8517-0A4007DF1120}.Debug|x64.ActiveCfg = Debug|Any CPU
		{F110D827-A2D0-4AF8-8517-0A4007DF1120}.Debug|x64.Build.0 = Debug|Any CPU
		{F110D827-A2D0-4AF8-8517-0A4007DF1120}.Debug|x86.ActiveCfg = Debug|Any CPU
		{F110D827-A2D0-4AF8-8517-0A4007DF1120}.Debug|x86.Build.0 = Debug|Any CPU
		{F110D827-A2D0-4AF8-8517-0A4007DF1120}.Release|Any CPU.ActiveCfg = Release|Any CPU
		{F110D827-A2D0-4AF8-8517-0A4007DF1120}.Release|Any CPU.Build.0 = Release|Any CPU
		{F110D827-A2D0-4AF8-8517-0A4007DF1120}.Release|x64.ActiveCfg = Release|Any CPU
		{F110D827-A2D0-4AF8-8517-0A4007DF1120}.Release|x64.Build.0 = Release|Any CPU
		{F110D827-A2D0-4AF8-8517-0A4007DF1120}.Release|x86.ActiveCfg = Release|Any CPU
		{F110D827-A2D0-4AF8-8517-0A4007DF1120}.Release|x86.Build.0 = Release|Any CPU
		{AB762818-3345-4671-9E52-DB8AC7EA84F6}.Debug|Any CPU.ActiveCfg = Debug|Any CPU
		{AB762818-3345-4671-9E52-DB8AC7EA84F6}.Debug|Any CPU.Build.0 = Debug|Any CPU
		{AB762818-3345-4671-9E52-DB8AC7EA84F6}.Debug|x64.ActiveCfg = Debug|Any CPU
		{AB762818-3345-4671-9E52-DB8AC7EA84F6}.Debug|x64.Build.0 = Debug|Any CPU
		{AB762818-3345-4671-9E52-DB8AC7EA84F6}.Debug|x86.ActiveCfg = Debug|Any CPU
		{AB762818-3345-4671-9E52-DB8AC7EA84F6}.Debug|x86.Build.0 = Debug|Any CPU
		{AB762818-3345-4671-9E52-DB8AC7EA84F6}.Release|Any CPU.ActiveCfg = Release|Any CPU
		{AB762818-3345-4671-9E52-DB8AC7EA84F6}.Release|Any CPU.Build.0 = Release|Any CPU
		{AB762818-3345-4671-9E52-DB8AC7EA84F6}.Release|x64.ActiveCfg = Release|Any CPU
		{AB762818-3345-4671-9E52-DB8AC7EA84F6}.Release|x64.Build.0 = Release|Any CPU
		{AB762818-3345-4671-9E52-DB8AC7EA84F6}.Release|x86.ActiveCfg = Release|Any CPU
		{AB762818-3345-4671-9E52-DB8AC7EA84F6}.Release|x86.Build.0 = Release|Any CPU
		{C25D10B5-4500-43C8-BD46-D1D0D5D321BE}.Debug|Any CPU.ActiveCfg = Debug|Any CPU
		{C25D10B5-4500-43C8-BD46-D1D0D5D321BE}.Debug|Any CPU.Build.0 = Debug|Any CPU
		{C25D10B5-4500-43C8-BD46-D1D0D5D321BE}.Debug|x64.ActiveCfg = Debug|Any CPU
		{C25D10B5-4500-43C8-BD46-D1D0D5D321BE}.Debug|x64.Build.0 = Debug|Any CPU
		{C25D10B5-4500-43C8-BD46-D1D0D5D321BE}.Debug|x86.ActiveCfg = Debug|Any CPU
		{C25D10B5-4500-43C8-BD46-D1D0D5D321BE}.Debug|x86.Build.0 = Debug|Any CPU
		{C25D10B5-4500-43C8-BD46-D1D0D5D321BE}.Release|Any CPU.ActiveCfg = Release|Any CPU
		{C25D10B5-4500-43C8-BD46-D1D0D5D321BE}.Release|Any CPU.Build.0 = Release|Any CPU
		{C25D10B5-4500-43C8-BD46-D1D0D5D321BE}.Release|x64.ActiveCfg = Release|Any CPU
		{C25D10B5-4500-43C8-BD46-D1D0D5D321BE}.Release|x64.Build.0 = Release|Any CPU
		{C25D10B5-4500-43C8-BD46-D1D0D5D321BE}.Release|x86.ActiveCfg = Release|Any CPU
		{C25D10B5-4500-43C8-BD46-D1D0D5D321BE}.Release|x86.Build.0 = Release|Any CPU
		{06E1FFC5-1CCC-4045-B7C2-B11FBCE0C591}.Debug|Any CPU.ActiveCfg = Debug|Any CPU
		{06E1FFC5-1CCC-4045-B7C2-B11FBCE0C591}.Debug|Any CPU.Build.0 = Debug|Any CPU
		{06E1FFC5-1CCC-4045-B7C2-B11FBCE0C591}.Debug|x64.ActiveCfg = Debug|Any CPU
		{06E1FFC5-1CCC-4045-B7C2-B11FBCE0C591}.Debug|x64.Build.0 = Debug|Any CPU
		{06E1FFC5-1CCC-4045-B7C2-B11FBCE0C591}.Debug|x86.ActiveCfg = Debug|Any CPU
		{06E1FFC5-1CCC-4045-B7C2-B11FBCE0C591}.Debug|x86.Build.0 = Debug|Any CPU
		{06E1FFC5-1CCC-4045-B7C2-B11FBCE0C591}.Release|Any CPU.ActiveCfg = Release|Any CPU
		{06E1FFC5-1CCC-4045-B7C2-B11FBCE0C591}.Release|Any CPU.Build.0 = Release|Any CPU
		{06E1FFC5-1CCC-4045-B7C2-B11FBCE0C591}.Release|x64.ActiveCfg = Release|Any CPU
		{06E1FFC5-1CCC-4045-B7C2-B11FBCE0C591}.Release|x64.Build.0 = Release|Any CPU
		{06E1FFC5-1CCC-4045-B7C2-B11FBCE0C591}.Release|x86.ActiveCfg = Release|Any CPU
		{06E1FFC5-1CCC-4045-B7C2-B11FBCE0C591}.Release|x86.Build.0 = Release|Any CPU
		{421C1622-0247-430F-B7F2-990282DF96E1}.Debug|Any CPU.ActiveCfg = Debug|Any CPU
		{421C1622-0247-430F-B7F2-990282DF96E1}.Debug|Any CPU.Build.0 = Debug|Any CPU
		{421C1622-0247-430F-B7F2-990282DF96E1}.Debug|x64.ActiveCfg = Debug|Any CPU
		{421C1622-0247-430F-B7F2-990282DF96E1}.Debug|x64.Build.0 = Debug|Any CPU
		{421C1622-0247-430F-B7F2-990282DF96E1}.Debug|x86.ActiveCfg = Debug|Any CPU
		{421C1622-0247-430F-B7F2-990282DF96E1}.Debug|x86.Build.0 = Debug|Any CPU
		{421C1622-0247-430F-B7F2-990282DF96E1}.Release|Any CPU.ActiveCfg = Release|Any CPU
		{421C1622-0247-430F-B7F2-990282DF96E1}.Release|Any CPU.Build.0 = Release|Any CPU
		{421C1622-0247-430F-B7F2-990282DF96E1}.Release|x64.ActiveCfg = Release|Any CPU
		{421C1622-0247-430F-B7F2-990282DF96E1}.Release|x64.Build.0 = Release|Any CPU
		{421C1622-0247-430F-B7F2-990282DF96E1}.Release|x86.ActiveCfg = Release|Any CPU
		{421C1622-0247-430F-B7F2-990282DF96E1}.Release|x86.Build.0 = Release|Any CPU
		{8C58439D-2A53-4730-9218-C1467D1A72E3}.Debug|Any CPU.ActiveCfg = Debug|Any CPU
		{8C58439D-2A53-4730-9218-C1467D1A72E3}.Debug|Any CPU.Build.0 = Debug|Any CPU
		{8C58439D-2A53-4730-9218-C1467D1A72E3}.Debug|x64.ActiveCfg = Debug|Any CPU
		{8C58439D-2A53-4730-9218-C1467D1A72E3}.Debug|x64.Build.0 = Debug|Any CPU
		{8C58439D-2A53-4730-9218-C1467D1A72E3}.Debug|x86.ActiveCfg = Debug|Any CPU
		{8C58439D-2A53-4730-9218-C1467D1A72E3}.Debug|x86.Build.0 = Debug|Any CPU
		{8C58439D-2A53-4730-9218-C1467D1A72E3}.Release|Any CPU.ActiveCfg = Release|Any CPU
		{8C58439D-2A53-4730-9218-C1467D1A72E3}.Release|Any CPU.Build.0 = Release|Any CPU
		{8C58439D-2A53-4730-9218-C1467D1A72E3}.Release|x64.ActiveCfg = Release|Any CPU
		{8C58439D-2A53-4730-9218-C1467D1A72E3}.Release|x64.Build.0 = Release|Any CPU
		{8C58439D-2A53-4730-9218-C1467D1A72E3}.Release|x86.ActiveCfg = Release|Any CPU
		{8C58439D-2A53-4730-9218-C1467D1A72E3}.Release|x86.Build.0 = Release|Any CPU
	EndGlobalSection
	GlobalSection(SolutionProperties) = preSolution
		HideSolutionNode = FALSE
	EndGlobalSection
	GlobalSection(NestedProjects) = preSolution
		{8D626EA8-CB54-BC41-363A-217881BEBA6E} = {827E0CD3-B72D-47B6-A68D-7590B98EB39B}
		{5202012A-420B-443D-8D80-E67D818DAA6A} = {8D626EA8-CB54-BC41-363A-217881BEBA6E}
		{3189AC7C-8F5F-6FB1-D165-6EB51BAF31DA} = {827E0CD3-B72D-47B6-A68D-7590B98EB39B}
		{0C3A8951-DCEC-438E-981A-4564C61BF872} = {3189AC7C-8F5F-6FB1-D165-6EB51BAF31DA}
		{1350CF4D-C3B3-7916-2620-2C4008CF69A6} = {827E0CD3-B72D-47B6-A68D-7590B98EB39B}
		{F110D827-A2D0-4AF8-8517-0A4007DF1120} = {1350CF4D-C3B3-7916-2620-2C4008CF69A6}
		{A504441E-5C17-47D8-AEF6-BFA7C6F3BDE6} = {827E0CD3-B72D-47B6-A68D-7590B98EB39B}
		{AB762818-3345-4671-9E52-DB8AC7EA84F6} = {A504441E-5C17-47D8-AEF6-BFA7C6F3BDE6}
		{C25D10B5-4500-43C8-BD46-D1D0D5D321BE} = {0AB3BF05-4346-4AA6-1389-037BE0695223}
		{06E1FFC5-1CCC-4045-B7C2-B11FBCE0C591} = {66320409-64EC-F7C5-3DEF-65E7510DAAD1}
		{421C1622-0247-430F-B7F2-990282DF96E1} = {5D20AA90-6969-D8BD-9DCD-8634F4692FDA}
		{8C58439D-2A53-4730-9218-C1467D1A72E3} = {5D20AA90-6969-D8BD-9DCD-8634F4692FDA}
	EndGlobalSection
EndGlobal
